{
    "_meta": {
        "hash": {
            "sha256": "e83502cbc2a316d4afcef353799b1eda344d623f4d25f73ab9727061ce9dd72c"
        },
        "pipfile-spec": 6,
        "requires": {
            "python_version": "3.13"
        },
        "sources": [
            {
                "name": "pypi",
                "url": "https://pypi.org/simple",
                "verify_ssl": true
            }
        ]
    },
    "default": {
        "py-redis": {
            "hashes": [
                "sha256:c6ec84fc8251398236f1c0b98f6ad09dc61667c29664efb7d44e95dc5763782e",
                "sha256:f64cfa44dcd69af19348234ba96a2a943e3793248dcbdb267bdefb1751f4002f"
            ],
            "index": "pypi",
            "markers": "python_version >= '3.6'",
            "version": "==1.1.1"
        },
        "python-dotenv": {
            "hashes": [
                "sha256:31f23644fe2602f88ff55e1f5c79ba497e01224ee7737937930c448e4d0e24dc",
                "sha256:a8a6399716257f45be6a007360200409fce5cda2661e3dec71d23dc15f6189ab"
            ],
            "index": "pypi",
            "markers": "python_version >= '3.9'",
            "version": "==1.1.1"
        },
        "redis": {
            "hashes": [
                "sha256:b01bc7282b8444e28ec36b261df5375183bb47a07eb9c603f284e89cbc5ef010",
                "sha256:f0544fa9604264e9464cdf4814e7d4830f74b165d52f2a330a760a88dd248b7f"
            ],
            "markers": "python_version >= '3.9'",
            "version": "==6.4.0"
        }
    },
    "develop": {}
}
